// !$*UTF8*$!
{
	archiveVersion = 1;
	classes = {
	};
	objectVersion = 46;
	objects = {

/* Begin PBXBuildFile section */
		B609AB5D1B584C7900B1F8CD /* main.m in Sources */ = {isa = PBXBuildFile; fileRef = B609AB5C1B584C7900B1F8CD /* main.m */; };
		B609AB661B584C7900B1F8CD /* Main.storyboard in Resources */ = {isa = PBXBuildFile; fileRef = B609AB641B584C7900B1F8CD /* Main.storyboard */; };
		B609AB681B584C7900B1F8CD /* Images.xcassets in Resources */ = {isa = PBXBuildFile; fileRef = B609AB671B584C7900B1F8CD /* Images.xcassets */; };
		B609AB6B1B584C7900B1F8CD /* LaunchScreen.xib in Resources */ = {isa = PBXBuildFile; fileRef = B609AB691B584C7900B1F8CD /* LaunchScreen.xib */; };
		B60F19F21B64472D00AABBA2 /* ARAppDelegate.m in Sources */ = {isa = PBXBuildFile; fileRef = B60F19F11B64472D00AABBA2 /* ARAppDelegate.m */; };
		B60F19F71B64476F00AABBA2 /* ARMenuViewController.m in Sources */ = {isa = PBXBuildFile; fileRef = B60F19F61B64476F00AABBA2 /* ARMenuViewController.m */; };
		B60F19FA1B6447CF00AABBA2 /* ARBiographyViewController.m in Sources */ = {isa = PBXBuildFile; fileRef = B60F19F91B6447CF00AABBA2 /* ARBiographyViewController.m */; };
		B60F19FF1B64486900AABBA2 /* ARVideosViewController.m in Sources */ = {isa = PBXBuildFile; fileRef = B60F19FE1B64486900AABBA2 /* ARVideosViewController.m */; };
		B60F1A031B6448B400AABBA2 /* ARImagesViewController.m in Sources */ = {isa = PBXBuildFile; fileRef = B60F1A021B6448B400AABBA2 /* ARImagesViewController.m */; };
		B60F1A071B6448F900AABBA2 /* ARInstagramViewController.m in Sources */ = {isa = PBXBuildFile; fileRef = B60F1A061B6448F900AABBA2 /* ARInstagramViewController.m */; };
		B60F1A0B1B64493600AABBA2 /* ARSettingsViewController.m in Sources */ = {isa = PBXBuildFile; fileRef = B60F1A0A1B64493600AABBA2 /* ARSettingsViewController.m */; };
		B60F1A0F1B6449F900AABBA2 /* ARHomeViewController.m in Sources */ = {isa = PBXBuildFile; fileRef = B60F1A0E1B6449F900AABBA2 /* ARHomeViewController.m */; };
		B60F1A131B644C7100AABBA2 /* ARTwitterViewController.m in Sources */ = {isa = PBXBuildFile; fileRef = B60F1A121B644C7100AABBA2 /* ARTwitterViewController.m */; };
		B60F1A281B65140600AABBA2 /* Localizable.strings in Resources */ = {isa = PBXBuildFile; fileRef = B60F1A2A1B65140600AABBA2 /* Localizable.strings */; };
		C846735C64B7C85BB3FA6106 /* libPods-Armies.a in Frameworks */ = {isa = PBXBuildFile; fileRef = 49B77C27B676F9E296C7EA10 /* libPods-Armies.a */; };
/* End PBXBuildFile section */

/* Begin PBXFileReference section */
		49B77C27B676F9E296C7EA10 /* libPods-Armies.a */ = {isa = PBXFileReference; explicitFileType = archive.ar; includeInIndex = 0; path = "libPods-Armies.a"; sourceTree = BUILT_PRODUCTS_DIR; };
		71DBDCF13D858A822667994A /* Pods-Armies.debug.xcconfig */ = {isa = PBXFileReference; includeInIndex = 1; lastKnownFileType = text.xcconfig; name = "Pods-Armies.debug.xcconfig"; path = "Pods/Target Support Files/Pods-Armies/Pods-Armies.debug.xcconfig"; sourceTree = "<group>"; };
		B609AB571B584C7900B1F8CD /* Armies.app */ = {isa = PBXFileReference; explicitFileType = wrapper.application; includeInIndex = 0; path = Armies.app; sourceTree = BUILT_PRODUCTS_DIR; };
		B609AB5B1B584C7900B1F8CD /* Info.plist */ = {isa = PBXFileReference; lastKnownFileType = text.plist.xml; path = Info.plist; sourceTree = "<group>"; };
		B609AB5C1B584C7900B1F8CD /* main.m */ = {isa = PBXFileReference; lastKnownFileType = sourcecode.c.objc; path = main.m; sourceTree = "<group>"; };
		B609AB651B584C7900B1F8CD /* Base */ = {isa = PBXFileReference; lastKnownFileType = file.storyboard; name = Base; path = Base.lproj/Main.storyboard; sourceTree = "<group>"; };
		B609AB671B584C7900B1F8CD /* Images.xcassets */ = {isa = PBXFileReference; lastKnownFileType = folder.assetcatalog; path = Images.xcassets; sourceTree = "<group>"; };
		B609AB6A1B584C7900B1F8CD /* Base */ = {isa = PBXFileReference; lastKnownFileType = file.xib; name = Base; path = Base.lproj/LaunchScreen.xib; sourceTree = "<group>"; };
		B60F19F01B64472D00AABBA2 /* ARAppDelegate.h */ = {isa = PBXFileReference; fileEncoding = 4; lastKnownFileType = sourcecode.c.h; name = ARAppDelegate.h; path = AppDelegate/ARAppDelegate.h; sourceTree = "<group>"; };
		B60F19F11B64472D00AABBA2 /* ARAppDelegate.m */ = {isa = PBXFileReference; fileEncoding = 4; lastKnownFileType = sourcecode.c.objc; name = ARAppDelegate.m; path = AppDelegate/ARAppDelegate.m; sourceTree = "<group>"; };
		B60F19F51B64476F00AABBA2 /* ARMenuViewController.h */ = {isa = PBXFileReference; fileEncoding = 4; lastKnownFileType = sourcecode.c.h; name = ARMenuViewController.h; path = ViewController/ARMenuViewController.h; sourceTree = "<group>"; };
		B60F19F61B64476F00AABBA2 /* ARMenuViewController.m */ = {isa = PBXFileReference; fileEncoding = 4; lastKnownFileType = sourcecode.c.objc; name = ARMenuViewController.m; path = ViewController/ARMenuViewController.m; sourceTree = "<group>"; };
		B60F19F81B6447CF00AABBA2 /* ARBiographyViewController.h */ = {isa = PBXFileReference; fileEncoding = 4; lastKnownFileType = sourcecode.c.h; name = ARBiographyViewController.h; path = ViewController/ARBiographyViewController.h; sourceTree = "<group>"; };
		B60F19F91B6447CF00AABBA2 /* ARBiographyViewController.m */ = {isa = PBXFileReference; fileEncoding = 4; lastKnownFileType = sourcecode.c.objc; name = ARBiographyViewController.m; path = ViewController/ARBiographyViewController.m; sourceTree = "<group>"; };
		B60F19FD1B64486900AABBA2 /* ARVideosViewController.h */ = {isa = PBXFileReference; fileEncoding = 4; lastKnownFileType = sourcecode.c.h; name = ARVideosViewController.h; path = ViewController/ARVideosViewController.h; sourceTree = "<group>"; };
		B60F19FE1B64486900AABBA2 /* ARVideosViewController.m */ = {isa = PBXFileReference; fileEncoding = 4; lastKnownFileType = sourcecode.c.objc; name = ARVideosViewController.m; path = ViewController/ARVideosViewController.m; sourceTree = "<group>"; };
		B60F1A011B6448B400AABBA2 /* ARImagesViewController.h */ = {isa = PBXFileReference; fileEncoding = 4; lastKnownFileType = sourcecode.c.h; name = ARImagesViewController.h; path = ViewController/ARImagesViewController.h; sourceTree = "<group>"; };
		B60F1A021B6448B400AABBA2 /* ARImagesViewController.m */ = {isa = PBXFileReference; fileEncoding = 4; lastKnownFileType = sourcecode.c.objc; name = ARImagesViewController.m; path = ViewController/ARImagesViewController.m; sourceTree = "<group>"; };
		B60F1A051B6448F900AABBA2 /* ARInstagramViewController.h */ = {isa = PBXFileReference; fileEncoding = 4; lastKnownFileType = sourcecode.c.h; name = ARInstagramViewController.h; path = ViewController/ARInstagramViewController.h; sourceTree = "<group>"; };
		B60F1A061B6448F900AABBA2 /* ARInstagramViewController.m */ = {isa = PBXFileReference; fileEncoding = 4; lastKnownFileType = sourcecode.c.objc; name = ARInstagramViewController.m; path = ViewController/ARInstagramViewController.m; sourceTree = "<group>"; };
		B60F1A091B64493600AABBA2 /* ARSettingsViewController.h */ = {isa = PBXFileReference; fileEncoding = 4; lastKnownFileType = sourcecode.c.h; name = ARSettingsViewController.h; path = ViewController/ARSettingsViewController.h; sourceTree = "<group>"; };
		B60F1A0A1B64493600AABBA2 /* ARSettingsViewController.m */ = {isa = PBXFileReference; fileEncoding = 4; lastKnownFileType = sourcecode.c.objc; name = ARSettingsViewController.m; path = ViewController/ARSettingsViewController.m; sourceTree = "<group>"; };
		B60F1A0D1B6449F900AABBA2 /* ARHomeViewController.h */ = {isa = PBXFileReference; fileEncoding = 4; lastKnownFileType = sourcecode.c.h; name = ARHomeViewController.h; path = ViewController/ARHomeViewController.h; sourceTree = "<group>"; };
		B60F1A0E1B6449F900AABBA2 /* ARHomeViewController.m */ = {isa = PBXFileReference; fileEncoding = 4; lastKnownFileType = sourcecode.c.objc; name = ARHomeViewController.m; path = ViewController/ARHomeViewController.m; sourceTree = "<group>"; };
		B60F1A111B644C7100AABBA2 /* ARTwitterViewController.h */ = {isa = PBXFileReference; fileEncoding = 4; lastKnownFileType = sourcecode.c.h; name = ARTwitterViewController.h; path = ViewController/ARTwitterViewController.h; sourceTree = "<group>"; };
		B60F1A121B644C7100AABBA2 /* ARTwitterViewController.m */ = {isa = PBXFileReference; fileEncoding = 4; lastKnownFileType = sourcecode.c.objc; name = ARTwitterViewController.m; path = ViewController/ARTwitterViewController.m; sourceTree = "<group>"; };
		B60F1A261B6513F700AABBA2 /* es-MX */ = {isa = PBXFileReference; lastKnownFileType = text.plist.strings; name = "es-MX"; path = "es-MX.lproj/Main.strings"; sourceTree = "<group>"; };
		B60F1A271B6513F700AABBA2 /* es-MX */ = {isa = PBXFileReference; lastKnownFileType = text.plist.strings; name = "es-MX"; path = "es-MX.lproj/LaunchScreen.strings"; sourceTree = "<group>"; };
		B60F1A291B65140600AABBA2 /* Base */ = {isa = PBXFileReference; lastKnownFileType = text.plist.strings; name = Base; path = Base.lproj/Localizable.strings; sourceTree = "<group>"; };
		B60F1A2B1B65140D00AABBA2 /* es-MX */ = {isa = PBXFileReference; lastKnownFileType = text.plist.strings; name = "es-MX"; path = "es-MX.lproj/Localizable.strings"; sourceTree = "<group>"; };
		B60F1A2C1B65142D00AABBA2 /* en */ = {isa = PBXFileReference; lastKnownFileType = text.plist.strings; name = en; path = en.lproj/Localizable.strings; sourceTree = "<group>"; };
		B6FFA5CA4ECB147CB4550F94 /* Pods-Armies.release.xcconfig */ = {isa = PBXFileReference; includeInIndex = 1; lastKnownFileType = text.xcconfig; name = "Pods-Armies.release.xcconfig"; path = "Pods/Target Support Files/Pods-Armies/Pods-Armies.release.xcconfig"; sourceTree = "<group>"; };
/* End PBXFileReference section */

/* Begin PBXFrameworksBuildPhase section */
		B609AB541B584C7900B1F8CD /* Frameworks */ = {
			isa = PBXFrameworksBuildPhase;
			buildActionMask = 2147483647;
			files = (
				C846735C64B7C85BB3FA6106 /* libPods-Armies.a in Frameworks */,
			);
			runOnlyForDeploymentPostprocessing = 0;
		};
/* End PBXFrameworksBuildPhase section */

/* Begin PBXGroup section */
		766D27DCAB21537748ACD2FA /* Pods */ = {
			isa = PBXGroup;
			children = (
				71DBDCF13D858A822667994A /* Pods-Armies.debug.xcconfig */,
				B6FFA5CA4ECB147CB4550F94 /* Pods-Armies.release.xcconfig */,
			);
			name = Pods;
			sourceTree = "<group>";
		};
		B609AB4E1B584C7900B1F8CD = {
			isa = PBXGroup;
			children = (
				B609AB591B584C7900B1F8CD /* Armies */,
				B609AB581B584C7900B1F8CD /* Products */,
				766D27DCAB21537748ACD2FA /* Pods */,
				C7FE531D43563C620473341F /* Frameworks */,
			);
			sourceTree = "<group>";
		};
		B609AB581B584C7900B1F8CD /* Products */ = {
			isa = PBXGroup;
			children = (
				B609AB571B584C7900B1F8CD /* Armies.app */,
			);
			name = Products;
			sourceTree = "<group>";
		};
		B609AB591B584C7900B1F8CD /* Armies */ = {
			isa = PBXGroup;
			children = (
				B60F19F31B64473800AABBA2 /* AppDelegate */,
				B60F19F41B64474B00AABBA2 /* ViewControllers */,
				B609AB641B584C7900B1F8CD /* Main.storyboard */,
				B609AB671B584C7900B1F8CD /* Images.xcassets */,
				B609AB691B584C7900B1F8CD /* LaunchScreen.xib */,
				B609AB5A1B584C7900B1F8CD /* Supporting Files */,
			);
			path = Armies;
			sourceTree = "<group>";
		};
		B609AB5A1B584C7900B1F8CD /* Supporting Files */ = {
			isa = PBXGroup;
			children = (
				B60F1A2A1B65140600AABBA2 /* Localizable.strings */,
				B609AB5B1B584C7900B1F8CD /* Info.plist */,
				B609AB5C1B584C7900B1F8CD /* main.m */,
			);
			name = "Supporting Files";
			sourceTree = "<group>";
		};
		B60F19F31B64473800AABBA2 /* AppDelegate */ = {
			isa = PBXGroup;
			children = (
				B60F19F01B64472D00AABBA2 /* ARAppDelegate.h */,
				B60F19F11B64472D00AABBA2 /* ARAppDelegate.m */,
			);
			name = AppDelegate;
			sourceTree = "<group>";
		};
		B60F19F41B64474B00AABBA2 /* ViewControllers */ = {
			isa = PBXGroup;
			children = (
				B60F19FB1B64481100AABBA2 /* ARMenuViewController */,
				B60F1A101B644A0C00AABBA2 /* ARHomeViewController */,
				B60F19FC1B64481E00AABBA2 /* ARBiographyViewController */,
				B60F1A001B64487100AABBA2 /* ARVideosViewController */,
				B60F1A041B6448C400AABBA2 /* ARImagesViewController */,
				B60F1A081B64490000AABBA2 /* ARInstagramViewController */,
				B60F1A0C1B64493D00AABBA2 /* ARSettingsViewController */,
				B60F1A141B644C7600AABBA2 /* ARTwitterViewController */,
			);
			name = ViewControllers;
			sourceTree = "<group>";
		};
		B60F19FB1B64481100AABBA2 /* ARMenuViewController */ = {
			isa = PBXGroup;
			children = (
				B60F19F51B64476F00AABBA2 /* ARMenuViewController.h */,
				B60F19F61B64476F00AABBA2 /* ARMenuViewController.m */,
			);
			name = ARMenuViewController;
			sourceTree = "<group>";
		};
		B60F19FC1B64481E00AABBA2 /* ARBiographyViewController */ = {
			isa = PBXGroup;
			children = (
				B60F19F81B6447CF00AABBA2 /* ARBiographyViewController.h */,
				B60F19F91B6447CF00AABBA2 /* ARBiographyViewController.m */,
			);
			name = ARBiographyViewController;
			sourceTree = "<group>";
		};
		B60F1A001B64487100AABBA2 /* ARVideosViewController */ = {
			isa = PBXGroup;
			children = (
				B60F19FD1B64486900AABBA2 /* ARVideosViewController.h */,
				B60F19FE1B64486900AABBA2 /* ARVideosViewController.m */,
			);
			name = ARVideosViewController;
			sourceTree = "<group>";
		};
		B60F1A041B6448C400AABBA2 /* ARImagesViewController */ = {
			isa = PBXGroup;
			children = (
				B60F1A011B6448B400AABBA2 /* ARImagesViewController.h */,
				B60F1A021B6448B400AABBA2 /* ARImagesViewController.m */,
			);
			name = ARImagesViewController;
			sourceTree = "<group>";
		};
		B60F1A081B64490000AABBA2 /* ARInstagramViewController */ = {
			isa = PBXGroup;
			children = (
				B60F1A051B6448F900AABBA2 /* ARInstagramViewController.h */,
				B60F1A061B6448F900AABBA2 /* ARInstagramViewController.m */,
			);
			name = ARInstagramViewController;
			sourceTree = "<group>";
		};
		B60F1A0C1B64493D00AABBA2 /* ARSettingsViewController */ = {
			isa = PBXGroup;
			children = (
				B60F1A091B64493600AABBA2 /* ARSettingsViewController.h */,
				B60F1A0A1B64493600AABBA2 /* ARSettingsViewController.m */,
			);
			name = ARSettingsViewController;
			sourceTree = "<group>";
		};
		B60F1A101B644A0C00AABBA2 /* ARHomeViewController */ = {
			isa = PBXGroup;
			children = (
				B60F1A0D1B6449F900AABBA2 /* ARHomeViewController.h */,
				B60F1A0E1B6449F900AABBA2 /* ARHomeViewController.m */,
			);
			name = ARHomeViewController;
			sourceTree = "<group>";
		};
		B60F1A141B644C7600AABBA2 /* ARTwitterViewController */ = {
			isa = PBXGroup;
			children = (
				B60F1A111B644C7100AABBA2 /* ARTwitterViewController.h */,
				B60F1A121B644C7100AABBA2 /* ARTwitterViewController.m */,
			);
			name = ARTwitterViewController;
			sourceTree = "<group>";
		};
		C7FE531D43563C620473341F /* Frameworks */ = {
			isa = PBXGroup;
			children = (
				49B77C27B676F9E296C7EA10 /* libPods-Armies.a */,
			);
			name = Frameworks;
			sourceTree = "<group>";
		};
/* End PBXGroup section */

/* Begin PBXNativeTarget section */
		B609AB561B584C7900B1F8CD /* Armies */ = {
			isa = PBXNativeTarget;
			buildConfigurationList = B609AB7A1B584C7900B1F8CD /* Build configuration list for PBXNativeTarget "Armies" */;
			buildPhases = (
				51CA65F2344F8C0947949E84 /* Check Pods Manifest.lock */,
				B609AB531B584C7900B1F8CD /* Sources */,
				B609AB541B584C7900B1F8CD /* Frameworks */,
				B609AB551B584C7900B1F8CD /* Resources */,
				9FCD645346FA4CC5E4093B76 /* Copy Pods Resources */,
			);
			buildRules = (
			);
			dependencies = (
			);
			name = Armies;
			productName = Armies;
			productReference = B609AB571B584C7900B1F8CD /* Armies.app */;
			productType = "com.apple.product-type.application";
		};
/* End PBXNativeTarget section */

/* Begin PBXProject section */
		B609AB4F1B584C7900B1F8CD /* Project object */ = {
			isa = PBXProject;
			attributes = {
				LastUpgradeCheck = 0630;
				ORGANIZATIONNAME = RAM;
				TargetAttributes = {
					B609AB561B584C7900B1F8CD = {
						CreatedOnToolsVersion = 6.3.2;
						DevelopmentTeam = WEUMM3X4MB;
					};
				};
			};
			buildConfigurationList = B609AB521B584C7900B1F8CD /* Build configuration list for PBXProject "Armies" */;
			compatibilityVersion = "Xcode 3.2";
			developmentRegion = English;
			hasScannedForEncodings = 0;
			knownRegions = (
				en,
				Base,
				"es-MX",
			);
			mainGroup = B609AB4E1B584C7900B1F8CD;
			productRefGroup = B609AB581B584C7900B1F8CD /* Products */;
			projectDirPath = "";
			projectRoot = "";
			targets = (
				B609AB561B584C7900B1F8CD /* Armies */,
			);
		};
/* End PBXProject section */

/* Begin PBXResourcesBuildPhase section */
		B609AB551B584C7900B1F8CD /* Resources */ = {
			isa = PBXResourcesBuildPhase;
			buildActionMask = 2147483647;
			files = (
				B609AB661B584C7900B1F8CD /* Main.storyboard in Resources */,
				B60F1A281B65140600AABBA2 /* Localizable.strings in Resources */,
				B609AB6B1B584C7900B1F8CD /* LaunchScreen.xib in Resources */,
				B609AB681B584C7900B1F8CD /* Images.xcassets in Resources */,
			);
			runOnlyForDeploymentPostprocessing = 0;
		};
/* End PBXResourcesBuildPhase section */

/* Begin PBXShellScriptBuildPhase section */
		51CA65F2344F8C0947949E84 /* Check Pods Manifest.lock */ = {
			isa = PBXShellScriptBuildPhase;
			buildActionMask = 2147483647;
			files = (
			);
			inputPaths = (
			);
			name = "Check Pods Manifest.lock";
			outputPaths = (
			);
			runOnlyForDeploymentPostprocessing = 0;
			shellPath = /bin/sh;
			shellScript = "diff \"${PODS_ROOT}/../Podfile.lock\" \"${PODS_ROOT}/Manifest.lock\" > /dev/null\nif [[ $? != 0 ]] ; then\n    cat << EOM\nerror: The sandbox is not in sync with the Podfile.lock. Run 'pod install' or update your CocoaPods installation.\nEOM\n    exit 1\nfi\n";
			showEnvVarsInLog = 0;
		};
		9FCD645346FA4CC5E4093B76 /* Copy Pods Resources */ = {
			isa = PBXShellScriptBuildPhase;
			buildActionMask = 2147483647;
			files = (
			);
			inputPaths = (
			);
			name = "Copy Pods Resources";
			outputPaths = (
			);
			runOnlyForDeploymentPostprocessing = 0;
			shellPath = /bin/sh;
			shellScript = "\"${SRCROOT}/Pods/Target Support Files/Pods-Armies/Pods-Armies-resources.sh\"\n";
			showEnvVarsInLog = 0;
		};
/* End PBXShellScriptBuildPhase section */

/* Begin PBXSourcesBuildPhase section */
		B609AB531B584C7900B1F8CD /* Sources */ = {
			isa = PBXSourcesBuildPhase;
			buildActionMask = 2147483647;
			files = (
				B60F1A0B1B64493600AABBA2 /* ARSettingsViewController.m in Sources */,
				B60F19FF1B64486900AABBA2 /* ARVideosViewController.m in Sources */,
				B60F1A071B6448F900AABBA2 /* ARInstagramViewController.m in Sources */,
				B60F1A131B644C7100AABBA2 /* ARTwitterViewController.m in Sources */,
				B60F1A0F1B6449F900AABBA2 /* ARHomeViewController.m in Sources */,
				B609AB5D1B584C7900B1F8CD /* main.m in Sources */,
				B60F19FA1B6447CF00AABBA2 /* ARBiographyViewController.m in Sources */,
				B60F19F21B64472D00AABBA2 /* ARAppDelegate.m in Sources */,
				B60F19F71B64476F00AABBA2 /* ARMenuViewController.m in Sources */,
				B60F1A031B6448B400AABBA2 /* ARImagesViewController.m in Sources */,
			);
			runOnlyForDeploymentPostprocessing = 0;
		};
/* End PBXSourcesBuildPhase section */

/* Begin PBXVariantGroup section */
		B609AB641B584C7900B1F8CD /* Main.storyboard */ = {
			isa = PBXVariantGroup;
			children = (
				B609AB651B584C7900B1F8CD /* Base */,
				B60F1A261B6513F700AABBA2 /* es-MX */,
			);
			name = Main.storyboard;
			sourceTree = "<group>";
		};
		B609AB691B584C7900B1F8CD /* LaunchScreen.xib */ = {
			isa = PBXVariantGroup;
			children = (
				B609AB6A1B584C7900B1F8CD /* Base */,
				B60F1A271B6513F700AABBA2 /* es-MX */,
			);
			name = LaunchScreen.xib;
			sourceTree = "<group>";
		};
		B60F1A2A1B65140600AABBA2 /* Localizable.strings */ = {
			isa = PBXVariantGroup;
			children = (
				B60F1A291B65140600AABBA2 /* Base */,
				B60F1A2B1B65140D00AABBA2 /* es-MX */,
				B60F1A2C1B65142D00AABBA2 /* en */,
			);
			name = Localizable.strings;
			path = ../Localization;
			sourceTree = "<group>";
		};
/* End PBXVariantGroup section */

/* Begin XCBuildConfiguration section */
		B609AB781B584C7900B1F8CD /* Debug */ = {
			isa = XCBuildConfiguration;
			buildSettings = {
				ALWAYS_SEARCH_USER_PATHS = NO;
				CLANG_CXX_LANGUAGE_STANDARD = "gnu++0x";
				CLANG_CXX_LIBRARY = "libc++";
				CLANG_ENABLE_MODULES = YES;
				CLANG_ENABLE_OBJC_ARC = YES;
				CLANG_WARN_BOOL_CONVERSION = YES;
				CLANG_WARN_CONSTANT_CONVERSION = YES;
				CLANG_WARN_DIRECT_OBJC_ISA_USAGE = YES_ERROR;
				CLANG_WARN_EMPTY_BODY = YES;
				CLANG_WARN_ENUM_CONVERSION = YES;
				CLANG_WARN_INT_CONVERSION = YES;
				CLANG_WARN_OBJC_ROOT_CLASS = YES_ERROR;
				CLANG_WARN_UNREACHABLE_CODE = YES;
				CLANG_WARN__DUPLICATE_METHOD_MATCH = YES;
				"CODE_SIGN_IDENTITY[sdk=iphoneos*]" = "iPhone Developer";
				COPY_PHASE_STRIP = NO;
				DEBUG_INFORMATION_FORMAT = "dwarf-with-dsym";
				ENABLE_STRICT_OBJC_MSGSEND = YES;
				GCC_C_LANGUAGE_STANDARD = gnu99;
				GCC_DYNAMIC_NO_PIC = NO;
				GCC_NO_COMMON_BLOCKS = YES;
				GCC_OPTIMIZATION_LEVEL = 0;
				GCC_PREPROCESSOR_DEFINITIONS = (
					"DEBUG=1",
					"$(inherited)",
				);
				GCC_SYMBOLS_PRIVATE_EXTERN = NO;
				GCC_WARN_64_TO_32_BIT_CONVERSION = YES;
				GCC_WARN_ABOUT_RETURN_TYPE = YES_ERROR;
				GCC_WARN_UNDECLARED_SELECTOR = YES;
				GCC_WARN_UNINITIALIZED_AUTOS = YES_AGGRESSIVE;
				GCC_WARN_UNUSED_FUNCTION = YES;
				GCC_WARN_UNUSED_VARIABLE = YES;
				IPHONEOS_DEPLOYMENT_TARGET = 8.0;
				MTL_ENABLE_DEBUG_INFO = YES;
				ONLY_ACTIVE_ARCH = YES;
				SDKROOT = iphoneos;
			};
			name = Debug;
		};
		B609AB791B584C7900B1F8CD /* Release */ = {
			isa = XCBuildConfiguration;
			buildSettings = {
				ALWAYS_SEARCH_USER_PATHS = NO;
				CLANG_CXX_LANGUAGE_STANDARD = "gnu++0x";
				CLANG_CXX_LIBRARY = "libc++";
				CLANG_ENABLE_MODULES = YES;
				CLANG_ENABLE_OBJC_ARC = YES;
				CLANG_WARN_BOOL_CONVERSION = YES;
				CLANG_WARN_CONSTANT_CONVERSION = YES;
				CLANG_WARN_DIRECT_OBJC_ISA_USAGE = YES_ERROR;
				CLANG_WARN_EMPTY_BODY = YES;
				CLANG_WARN_ENUM_CONVERSION = YES;
				CLANG_WARN_INT_CONVERSION = YES;
				CLANG_WARN_OBJC_ROOT_CLASS = YES_ERROR;
				CLANG_WARN_UNREACHABLE_CODE = YES;
				CLANG_WARN__DUPLICATE_METHOD_MATCH = YES;
				"CODE_SIGN_IDENTITY[sdk=iphoneos*]" = "iPhone Developer";
				COPY_PHASE_STRIP = NO;
				DEBUG_INFORMATION_FORMAT = "dwarf-with-dsym";
				ENABLE_NS_ASSERTIONS = NO;
				ENABLE_STRICT_OBJC_MSGSEND = YES;
				GCC_C_LANGUAGE_STANDARD = gnu99;
				GCC_NO_COMMON_BLOCKS = YES;
				GCC_WARN_64_TO_32_BIT_CONVERSION = YES;
				GCC_WARN_ABOUT_RETURN_TYPE = YES_ERROR;
				GCC_WARN_UNDECLARED_SELECTOR = YES;
				GCC_WARN_UNINITIALIZED_AUTOS = YES_AGGRESSIVE;
				GCC_WARN_UNUSED_FUNCTION = YES;
				GCC_WARN_UNUSED_VARIABLE = YES;
				IPHONEOS_DEPLOYMENT_TARGET = 8.0;
				MTL_ENABLE_DEBUG_INFO = NO;
				SDKROOT = iphoneos;
				VALIDATE_PRODUCT = YES;
			};
			name = Release;
		};
		B609AB7B1B584C7900B1F8CD /* Debug */ = {
			isa = XCBuildConfiguration;
			baseConfigurationReference = 71DBDCF13D858A822667994A /* Pods-Armies.debug.xcconfig */;
			buildSettings = {
				ASSETCATALOG_COMPILER_APPICON_NAME = AppIcon;
				CODE_SIGN_IDENTITY = "iPhone Developer";
				INFOPLIST_FILE = Armies/Info.plist;
				IPHONEOS_DEPLOYMENT_TARGET = 8.0;
				LD_RUNPATH_SEARCH_PATHS = "$(inherited) @executable_path/Frameworks";
				PRODUCT_NAME = "$(TARGET_NAME)";
			};
			name = Debug;
		};
		B609AB7C1B584C7900B1F8CD /* Release */ = {
			isa = XCBuildConfiguration;
			baseConfigurationReference = B6FFA5CA4ECB147CB4550F94 /* Pods-Armies.release.xcconfig */;
			buildSettings = {
				ASSETCATALOG_COMPILER_APPICON_NAME = AppIcon;
				CODE_SIGN_IDENTITY = "iPhone Developer";
				INFOPLIST_FILE = Armies/Info.plist;
				IPHONEOS_DEPLOYMENT_TARGET = 8.0;
				LD_RUNPATH_SEARCH_PATHS = "$(inherited) @executable_path/Frameworks";
				PRODUCT_NAME = "$(TARGET_NAME)";
			};
			name = Release;
		};
/* End XCBuildConfiguration section */

/* Begin XCConfigurationList section */
		B609AB521B584C7900B1F8CD /* Build configuration list for PBXProject "Armies" */ = {
			isa = XCConfigurationList;
			buildConfigurations = (
				B609AB781B584C7900B1F8CD /* Debug */,
				B609AB791B584C7900B1F8CD /* Release */,
			);
			defaultConfigurationIsVisible = 0;
			defaultConfigurationName = Release;
		};
		B609AB7A1B584C7900B1F8CD /* Build configuration list for PBXNativeTarget "Armies" */ = {
			isa = XCConfigurationList;
			buildConfigurations = (
				B609AB7B1B584C7900B1F8CD /* Debug */,
				B609AB7C1B584C7900B1F8CD /* Release */,
			);
			defaultConfigurationIsVisible = 0;
			defaultConfigurationName = Release;
		};
/* End XCConfigurationList section */
	};
	rootObject = B609AB4F1B584C7900B1F8CD /* Project object */;
}
